
Microsoft Visual Studio Solution File, Format Version 12.00
# Visual Studio Version 16
VisualStudioVersion = 16.0.30114.105
MinimumVisualStudioVersion = 10.0.40219.1
Project("{FAE04EC0-301F-11D3-BF4B-00C04F79EFBC}") = "StartUp", "StartUp\StartUp.csproj", "{6872E49B-ECA0-469C-A12B-1BFCC3A56CC4}"
EndProject
Project("{FAE04EC0-301F-11D3-BF4B-00C04F79EFBC}") = "P03_SalesDatabase", "P03_SalesDatabase\P03_SalesDatabase.csproj", "{E05FE710-4C2E-43F6-8B51-E934C78E9CD9}"
EndProject
Global
	GlobalSection(SolutionConfigurationPlatforms) = preSolution
		Debug|Any CPU = Debug|Any CPU
		Release|Any CPU = Release|Any CPU
	EndGlobalSection
	GlobalSection(ProjectConfigurationPlatforms) = postSolution
		{6872E49B-ECA0-469C-A12B-1BFCC3A56CC4}.Debug|Any CPU.ActiveCfg = Debug|Any CPU
		{6872E49B-ECA0-469C-A12B-1BFCC3A56CC4}.Debug|Any CPU.Build.0 = Debug|Any CPU
		{6872E49B-ECA0-469C-A12B-1BFCC3A56CC4}.Release|Any CPU.ActiveCfg = Release|Any CPU
		{6872E49B-ECA0-469C-A12B-1BFCC3A56CC4}.Release|Any CPU.Build.0 = Release|Any CPU
		{E05FE710-4C2E-43F6-8B51-E934C78E9CD9}.Debug|Any CPU.ActiveCfg = Debug|Any CPU
		{E05FE710-4C2E-43F6-8B51-E934C78E9CD9}.Debug|Any CPU.Build.0 = Debug|Any CPU
		{E05FE710-4C2E-43F6-8B51-E934C78E9CD9}.Release|Any CPU.ActiveCfg = Release|Any CPU
		{E05FE710-4C2E-43F6-8B51-E934C78E9CD9}.Release|Any CPU.Build.0 = Release|Any CPU
	EndGlobalSection
	GlobalSection(SolutionProperties) = preSolution
		HideSolutionNode = FALSE
	EndGlobalSection
	GlobalSection(ExtensibilityGlobals) = postSolution
		SolutionGuid = {6DA47437-CB76-47BB-AA49-470FBD8487AC}
	EndGlobalSection
EndGlobal
